Microsoft Visual Studio Solution File, Format Version 12.00
# Visual Studio Version 16
VisualStudioVersion = 16.0.30804.86
MinimumVisualStudioVersion = 10.0.40219.1
Project("{9A19103F-16F7-4668-BE54-9A1E7A4F7556}") = "MyApp.WebMvc03", "MyApp.WebMvc03\MyApp.WebMvc03.csproj", "{A9EF8411-4B1D-42D5-A946-1371063610A1}"
EndProject
Project("{9A19103F-16F7-4668-BE54-9A1E7A4F7556}") = "MyApp.Admin.Security", "MyApp.Admin.Security\MyApp.Admin.Security.csproj", "{ACF811B3-5946-4B39-BEC9-D945BBA6BE42}"
EndProject
Project("{9A19103F-16F7-4668-BE54-9A1E7A4F7556}") = "MyApp.School", "MyApp.School\MyApp.School.csproj", "{3DB861DF-8091-4FEF-93FF-9CDCF09F4A7D}"
EndProject
Project("{9A19103F-16F7-4668-BE54-9A1E7A4F7556}") = "MyApp.Common", "MyApp.Common\MyApp.Common.csproj", "{47BAD67B-ADA0-417D-A7A4-E11D30898146}"
EndProject
Global
	GlobalSection(SolutionConfigurationPlatforms) = preSolution
		Debug|Any CPU = Debug|Any CPU
		Release|Any CPU = Release|Any CPU
	EndGlobalSection
	GlobalSection(ProjectConfigurationPlatforms) = postSolution
		{A9EF8411-4B1D-42D5-A946-1371063610A1}.Debug|Any CPU.ActiveCfg = Debug|Any CPU
		{A9EF8411-4B1D-42D5-A946-1371063610A1}.Debug|Any CPU.Build.0 = Debug|Any CPU
		{A9EF8411-4B1D-42D5-A946-1371063610A1}.Release|Any CPU.ActiveCfg = Release|Any CPU
		{A9EF8411-4B1D-42D5-A946-1371063610A1}.Release|Any CPU.Build.0 = Release|Any CPU
		{ACF811B3-5946-4B39-BEC9-D945BBA6BE42}.Debug|Any CPU.ActiveCfg = Debug|Any CPU
		{ACF811B3-5946-4B39-BEC9-D945BBA6BE42}.Debug|Any CPU.Build.0 = Debug|Any CPU
		{ACF811B3-5946-4B39-BEC9-D945BBA6BE42}.Release|Any CPU.ActiveCfg = Release|Any CPU
		{ACF811B3-5946-4B39-BEC9-D945BBA6BE42}.Release|Any CPU.Build.0 = Release|Any CPU
		{3DB861DF-8091-4FEF-93FF-9CDCF09F4A7D}.Debug|Any CPU.ActiveCfg = Debug|Any CPU
		{3DB861DF-8091-4FEF-93FF-9CDCF09F4A7D}.Debug|Any CPU.Build.0 = Debug|Any CPU
		{3DB861DF-8091-4FEF-93FF-9CDCF09F4A7D}.Release|Any CPU.ActiveCfg = Release|Any CPU
		{3DB861DF-8091-4FEF-93FF-9CDCF09F4A7D}.Release|Any CPU.Build.0 = Release|Any CPU
		{47BAD67B-ADA0-417D-A7A4-E11D30898146}.Debug|Any CPU.ActiveCfg = Debug|Any CPU
		{47BAD67B-ADA0-417D-A7A4-E11D30898146}.Debug|Any CPU.Build.0 = Debug|Any CPU
		{47BAD67B-ADA0-417D-A7A4-E11D30898146}.Release|Any CPU.ActiveCfg = Release|Any CPU
		{47BAD67B-ADA0-417D-A7A4-E11D30898146}.Release|Any CPU.Build.0 = Release|Any CPU
	EndGlobalSection
	GlobalSection(SolutionProperties) = preSolution
		HideSolutionNode = FALSE
	EndGlobalSection
	GlobalSection(ExtensibilityGlobals) = postSolution
		SolutionGuid = {FED41DE7-0A9A-4080-8A3D-1A32065980BC}
	EndGlobalSection
EndGlobal
